
Microsoft Visual Studio Solution File, Format Version 12.00
# Visual Studio Version 17
VisualStudioVersion = 17.4.33213.308
MinimumVisualStudioVersion = 10.0.40219.1
Project("{FAE04EC0-301F-11D3-BF4B-00C04F79EFBC}") = "farmer", "farmer\farmer.csproj", "{58D19046-4B8C-4879-83D8-7FA21C0288E8}"
EndProject
Global
	GlobalSection(SolutionConfigurationPlatforms) = preSolution
		Debug|Any CPU = Debug|Any CPU
		Release|Any CPU = Release|Any CPU
	EndGlobalSection
	GlobalSection(ProjectConfigurationPlatforms) = postSolution
		{58D19046-4B8C-4879-83D8-7FA21C0288E8}.Debug|Any CPU.ActiveCfg = Debug|Any CPU
		{58D19046-4B8C-4879-83D8-7FA21C0288E8}.Debug|Any CPU.Build.0 = Debug|Any CPU
		{58D19046-4B8C-4879-83D8-7FA21C0288E8}.Release|Any CPU.ActiveCfg = Release|Any CPU
		{58D19046-4B8C-4879-83D8-7FA21C0288E8}.Release|Any CPU.Build.0 = Release|Any CPU
	EndGlobalSection
	GlobalSection(SolutionProperties) = preSolution
		HideSolutionNode = FALSE
	EndGlobalSection
	GlobalSection(ExtensibilityGlobals) = postSolution
		SolutionGuid = {72B84BBE-837E-4729-AEB0-2035A3ED6FA8}
	EndGlobalSection
EndGlobal
